// !$*UTF8*$!
{
	archiveVersion = 1;
	classes = {
	};
	objectVersion = 46;
	objects = {

/* Begin PBXBuildFile section */
		006D720419952D00008149E2 /* AVFoundation.framework in Frameworks */ = {isa = PBXBuildFile; fileRef = 006D720219952D00008149E2 /* AVFoundation.framework */; };
		006D720519952D00008149E2 /* CoreMedia.framework in Frameworks */ = {isa = PBXBuildFile; fileRef = 006D720319952D00008149E2 /* CoreMedia.framework */; };
		0091D8F90E81B9330029341E /* OpenGL.framework in Frameworks */ = {isa = PBXBuildFile; fileRef = 0091D8F80E81B9330029341E /* OpenGL.framework */; };
		00B784B30FF439BC000DE1D7 /* Accelerate.framework in Frameworks */ = {isa = PBXBuildFile; fileRef = 00B784AF0FF439BC000DE1D7 /* Accelerate.framework */; };
		00B784B40FF439BC000DE1D7 /* AudioToolbox.framework in Frameworks */ = {isa = PBXBuildFile; fileRef = 00B784B00FF439BC000DE1D7 /* AudioToolbox.framework */; };
		00B784B50FF439BC000DE1D7 /* AudioUnit.framework in Frameworks */ = {isa = PBXBuildFile; fileRef = 00B784B10FF439BC000DE1D7 /* AudioUnit.framework */; };
		00B784B60FF439BC000DE1D7 /* CoreAudio.framework in Frameworks */ = {isa = PBXBuildFile; fileRef = 00B784B20FF439BC000DE1D7 /* CoreAudio.framework */; };
		00B9955A1B128DF400A5C623 /* IOKit.framework in Frameworks */ = {isa = PBXBuildFile; fileRef = 00B995581B128DF400A5C623 /* IOKit.framework */; };
		00B9955B1B128DF400A5C623 /* IOSurface.framework in Frameworks */ = {isa = PBXBuildFile; fileRef = 00B995591B128DF400A5C623 /* IOSurface.framework */; };
		103992CDE1F74A4DA3DCFED7 /* poMatrixSet.cpp in Sources */ = {isa = PBXBuildFile; fileRef = 48856FD727CE48E79757C7EA /* poMatrixSet.cpp */; };
		1E278F6C3C7448E7B83A5A3C /* CinderApp.icns in Resources */ = {isa = PBXBuildFile; fileRef = 1D5EEE5A69214E8DA46F5E70 /* CinderApp.icns */; };
		207F80C699B247458301F40E /* poTextBox.cpp in Sources */ = {isa = PBXBuildFile; fileRef = 2D955AF5311B41E5890C1486 /* poTextBox.cpp */; };
		235618091EC3C1D000CE2B7E /* View3D.cpp in Sources */ = {isa = PBXBuildFile; fileRef = 235618071EC3C1D000CE2B7E /* View3D.cpp */; };
		277D01165133422F95A12518 /* poEvents.cpp in Sources */ = {isa = PBXBuildFile; fileRef = F5F4B487EB0444479A35BDCC /* poEvents.cpp */; };
		5323E6B20EAFCA74003A9687 /* CoreVideo.framework in Frameworks */ = {isa = PBXBuildFile; fileRef = 5323E6B10EAFCA74003A9687 /* CoreVideo.framework */; };
		55E9DB4E49D14A338625176B /* METProjectApp.cpp in Sources */ = {isa = PBXBuildFile; fileRef = 93C89627EB9A4D47BB6FD488 /* METProjectApp.cpp */; };
		8D11072F0486CEB800E47090 /* Cocoa.framework in Frameworks */ = {isa = PBXBuildFile; fileRef = 1058C7A1FEA54F0111CA2CBB /* Cocoa.framework */; };
		91460B641EBD717400D40C9B /* Buttons.cpp in Sources */ = {isa = PBXBuildFile; fileRef = 91460B621EBD717400D40C9B /* Buttons.cpp */; };
		91D87A211EAFD852008C7814 /* METProject.cpp in Sources */ = {isa = PBXBuildFile; fileRef = 91D87A1F1EAFD852008C7814 /* METProject.cpp */; };
		91D87A241EAFD886008C7814 /* View.cpp in Sources */ = {isa = PBXBuildFile; fileRef = 91D87A221EAFD886008C7814 /* View.cpp */; };
		91D87A271EAFD8D6008C7814 /* DataManager.cpp in Sources */ = {isa = PBXBuildFile; fileRef = 91D87A251EAFD8D6008C7814 /* DataManager.cpp */; };
		AC61E17E4C3E4027A608963C /* poImage.cpp in Sources */ = {isa = PBXBuildFile; fileRef = D766B19ADA784809B71AA5BF /* poImage.cpp */; };
		CE590B532404452CBCA15973 /* poEventCenter.cpp in Sources */ = {isa = PBXBuildFile; fileRef = CF1A067FF9A5422D973899FF /* poEventCenter.cpp */; };
		DD41F60D9EB249B482C7F97F /* poNodeContainer.cpp in Sources */ = {isa = PBXBuildFile; fileRef = BEB28FBC84114F43B7DD8845 /* poNodeContainer.cpp */; };
		EA296A6321B2483EA53011A1 /* poScene.cpp in Sources */ = {isa = PBXBuildFile; fileRef = F8537A30774C4866B3C1727B /* poScene.cpp */; };
		F18E84C7B9AE420EA2115628 /* poShape.cpp in Sources */ = {isa = PBXBuildFile; fileRef = 5D27532EE2BC4ECE82E196E2 /* poShape.cpp */; };
		F6BCE143F2594E0E8265D527 /* poNode.cpp in Sources */ = {isa = PBXBuildFile; fileRef = 5D4132307CA8497584C0C634 /* poNode.cpp */; };
/* End PBXBuildFile section */

/* Begin PBXFileReference section */
		006D720219952D00008149E2 /* AVFoundation.framework */ = {isa = PBXFileReference; lastKnownFileType = wrapper.framework; name = AVFoundation.framework; path = System/Library/Frameworks/AVFoundation.framework; sourceTree = SDKROOT; };
		006D720319952D00008149E2 /* CoreMedia.framework */ = {isa = PBXFileReference; lastKnownFileType = wrapper.framework; name = CoreMedia.framework; path = System/Library/Frameworks/CoreMedia.framework; sourceTree = SDKROOT; };
		0091D8F80E81B9330029341E /* OpenGL.framework */ = {isa = PBXFileReference; lastKnownFileType = wrapper.framework; name = OpenGL.framework; path = /System/Library/Frameworks/OpenGL.framework; sourceTree = "<absolute>"; };
		00B784AF0FF439BC000DE1D7 /* Accelerate.framework */ = {isa = PBXFileReference; lastKnownFileType = wrapper.framework; name = Accelerate.framework; path = System/Library/Frameworks/Accelerate.framework; sourceTree = SDKROOT; };
		00B784B00FF439BC000DE1D7 /* AudioToolbox.framework */ = {isa = PBXFileReference; lastKnownFileType = wrapper.framework; name = AudioToolbox.framework; path = System/Library/Frameworks/AudioToolbox.framework; sourceTree = SDKROOT; };
		00B784B10FF439BC000DE1D7 /* AudioUnit.framework */ = {isa = PBXFileReference; lastKnownFileType = wrapper.framework; name = AudioUnit.framework; path = System/Library/Frameworks/AudioUnit.framework; sourceTree = SDKROOT; };
		00B784B20FF439BC000DE1D7 /* CoreAudio.framework */ = {isa = PBXFileReference; lastKnownFileType = wrapper.framework; name = CoreAudio.framework; path = System/Library/Frameworks/CoreAudio.framework; sourceTree = SDKROOT; };
		00B995581B128DF400A5C623 /* IOKit.framework */ = {isa = PBXFileReference; lastKnownFileType = wrapper.framework; name = IOKit.framework; path = System/Library/Frameworks/IOKit.framework; sourceTree = SDKROOT; };
		00B995591B128DF400A5C623 /* IOSurface.framework */ = {isa = PBXFileReference; lastKnownFileType = wrapper.framework; name = IOSurface.framework; path = System/Library/Frameworks/IOSurface.framework; sourceTree = SDKROOT; };
		1058C7A1FEA54F0111CA2CBB /* Cocoa.framework */ = {isa = PBXFileReference; lastKnownFileType = wrapper.framework; name = Cocoa.framework; path = /System/Library/Frameworks/Cocoa.framework; sourceTree = "<absolute>"; };
		113508FFFA3B49458BF5A368 /* Info.plist */ = {isa = PBXFileReference; lastKnownFileType = text.plist.xml; path = Info.plist; sourceTree = "<group>"; };
		1D5EEE5A69214E8DA46F5E70 /* CinderApp.icns */ = {isa = PBXFileReference; lastKnownFileType = image.icns; name = CinderApp.icns; path = ../resources/CinderApp.icns; sourceTree = "<group>"; };
		235618071EC3C1D000CE2B7E /* View3D.cpp */ = {isa = PBXFileReference; fileEncoding = 4; lastKnownFileType = sourcecode.cpp.cpp; name = View3D.cpp; path = ../src/View3D.cpp; sourceTree = "<group>"; };
		235618081EC3C1D000CE2B7E /* View3D.h */ = {isa = PBXFileReference; fileEncoding = 4; lastKnownFileType = sourcecode.c.h; name = View3D.h; path = ../src/View3D.h; sourceTree = "<group>"; };
		29B97324FDCFA39411CA2CEA /* AppKit.framework */ = {isa = PBXFileReference; lastKnownFileType = wrapper.framework; name = AppKit.framework; path = /System/Library/Frameworks/AppKit.framework; sourceTree = "<absolute>"; };
		29B97325FDCFA39411CA2CEA /* Foundation.framework */ = {isa = PBXFileReference; lastKnownFileType = wrapper.framework; name = Foundation.framework; path = /System/Library/Frameworks/Foundation.framework; sourceTree = "<absolute>"; };
		2D955AF5311B41E5890C1486 /* poTextBox.cpp */ = {isa = PBXFileReference; lastKnownFileType = sourcecode.c.cpp; name = poTextBox.cpp; path = ../blocks/poScene/src/poScene/poTextBox.cpp; sourceTree = "<group>"; };
		48856FD727CE48E79757C7EA /* poMatrixSet.cpp */ = {isa = PBXFileReference; lastKnownFileType = sourcecode.c.cpp; name = poMatrixSet.cpp; path = ../blocks/poScene/src/poScene/poMatrixSet.cpp; sourceTree = "<group>"; };
		5323E6B10EAFCA74003A9687 /* CoreVideo.framework */ = {isa = PBXFileReference; lastKnownFileType = wrapper.framework; name = CoreVideo.framework; path = /System/Library/Frameworks/CoreVideo.framework; sourceTree = "<absolute>"; };
		5A50FF6F992747898556BC46 /* poTextBox.h */ = {isa = PBXFileReference; lastKnownFileType = sourcecode.c.h; name = poTextBox.h; path = ../blocks/poScene/src/poScene/poTextBox.h; sourceTree = "<group>"; };
		5D27532EE2BC4ECE82E196E2 /* poShape.cpp */ = {isa = PBXFileReference; lastKnownFileType = sourcecode.c.cpp; name = poShape.cpp; path = ../blocks/poScene/src/poScene/poShape.cpp; sourceTree = "<group>"; };
		5D4132307CA8497584C0C634 /* poNode.cpp */ = {isa = PBXFileReference; lastKnownFileType = sourcecode.c.cpp; name = poNode.cpp; path = ../blocks/poScene/src/poScene/poNode.cpp; sourceTree = "<group>"; };
		63F858BF31434329A26AD3D7 /* poTextureFit.h */ = {isa = PBXFileReference; lastKnownFileType = sourcecode.c.h; name = poTextureFit.h; path = ../blocks/poScene/src/poScene/poTextureFit.h; sourceTree = "<group>"; };
		6EAA05793C3B4D43B4235610 /* Resources.h */ = {isa = PBXFileReference; lastKnownFileType = sourcecode.c.h; name = Resources.h; path = ../include/Resources.h; sourceTree = "<group>"; };
		7042BD0B621845C491F1694F /* poEventCenter.h */ = {isa = PBXFileReference; lastKnownFileType = sourcecode.c.h; name = poEventCenter.h; path = ../blocks/poScene/src/poScene/poEventCenter.h; sourceTree = "<group>"; };
		7B369CED105D408CAE23261C /* poShape.h */ = {isa = PBXFileReference; lastKnownFileType = sourcecode.c.h; name = poShape.h; path = ../blocks/poScene/src/poScene/poShape.h; sourceTree = "<group>"; };
		82E3084093164D3988902C20 /* poNode.h */ = {isa = PBXFileReference; lastKnownFileType = sourcecode.c.h; name = poNode.h; path = ../blocks/poScene/src/poScene/poNode.h; sourceTree = "<group>"; };
		8D1107320486CEB800E47090 /* METProject.app */ = {isa = PBXFileReference; explicitFileType = wrapper.application; includeInIndex = 0; path = METProject.app; sourceTree = BUILT_PRODUCTS_DIR; };
		91460B611EBB73C300D40C9B /* common.h */ = {isa = PBXFileReference; lastKnownFileType = sourcecode.c.h; name = common.h; path = ../src/common.h; sourceTree = "<group>"; };
		91460B621EBD717400D40C9B /* Buttons.cpp */ = {isa = PBXFileReference; fileEncoding = 4; lastKnownFileType = sourcecode.cpp.cpp; path = Buttons.cpp; sourceTree = "<group>"; };
		91460B631EBD717400D40C9B /* Buttons.hpp */ = {isa = PBXFileReference; fileEncoding = 4; lastKnownFileType = sourcecode.cpp.h; path = Buttons.hpp; sourceTree = "<group>"; };
		91D87A1F1EAFD852008C7814 /* METProject.cpp */ = {isa = PBXFileReference; fileEncoding = 4; lastKnownFileType = sourcecode.cpp.cpp; path = METProject.cpp; sourceTree = "<group>"; };
		91D87A201EAFD852008C7814 /* METProject.hpp */ = {isa = PBXFileReference; fileEncoding = 4; lastKnownFileType = sourcecode.cpp.h; path = METProject.hpp; sourceTree = "<group>"; };
		91D87A221EAFD886008C7814 /* View.cpp */ = {isa = PBXFileReference; fileEncoding = 4; lastKnownFileType = sourcecode.cpp.cpp; path = View.cpp; sourceTree = "<group>"; };
		91D87A231EAFD886008C7814 /* View.hpp */ = {isa = PBXFileReference; fileEncoding = 4; lastKnownFileType = sourcecode.cpp.h; path = View.hpp; sourceTree = "<group>"; };
		91D87A251EAFD8D6008C7814 /* DataManager.cpp */ = {isa = PBXFileReference; fileEncoding = 4; lastKnownFileType = sourcecode.cpp.cpp; path = DataManager.cpp; sourceTree = "<group>"; };
		91D87A261EAFD8D6008C7814 /* DataManager.hpp */ = {isa = PBXFileReference; fileEncoding = 4; lastKnownFileType = sourcecode.cpp.h; path = DataManager.hpp; sourceTree = "<group>"; };
		93C89627EB9A4D47BB6FD488 /* METProjectApp.cpp */ = {isa = PBXFileReference; lastKnownFileType = sourcecode.c.cpp; name = METProjectApp.cpp; path = ../src/METProjectApp.cpp; sourceTree = "<group>"; };
		9E915AC64BAA4DE4A05DCE2F /* poNodeContainer.h */ = {isa = PBXFileReference; lastKnownFileType = sourcecode.c.h; name = poNodeContainer.h; path = ../blocks/poScene/src/poScene/poNodeContainer.h; sourceTree = "<group>"; };
		A7388F8BE2E0451B92BD0CD1 /* poEvents.h */ = {isa = PBXFileReference; lastKnownFileType = sourcecode.c.h; name = poEvents.h; path = ../blocks/poScene/src/poScene/poEvents.h; sourceTree = "<group>"; };
		AC87C6BD066D4B80953AFEC8 /* METProject_Prefix.pch */ = {isa = PBXFileReference; lastKnownFileType = "\"\""; path = METProject_Prefix.pch; sourceTree = "<group>"; };
		B433DA05E80E4909A14E73A0 /* poVideo.h */ = {isa = PBXFileReference; lastKnownFileType = sourcecode.c.h; name = poVideo.h; path = ../blocks/poScene/src/poScene/poVideo.h; sourceTree = "<group>"; };
		BEB28FBC84114F43B7DD8845 /* poNodeContainer.cpp */ = {isa = PBXFileReference; lastKnownFileType = sourcecode.c.cpp; name = poNodeContainer.cpp; path = ../blocks/poScene/src/poScene/poNodeContainer.cpp; sourceTree = "<group>"; };
		CF1A067FF9A5422D973899FF /* poEventCenter.cpp */ = {isa = PBXFileReference; lastKnownFileType = sourcecode.c.cpp; name = poEventCenter.cpp; path = ../blocks/poScene/src/poScene/poEventCenter.cpp; sourceTree = "<group>"; };
		D6D0B1DD118A466F9704838E /* poImage.h */ = {isa = PBXFileReference; lastKnownFileType = sourcecode.c.h; name = poImage.h; path = ../blocks/poScene/src/poScene/poImage.h; sourceTree = "<group>"; };
		D766B19ADA784809B71AA5BF /* poImage.cpp */ = {isa = PBXFileReference; lastKnownFileType = sourcecode.c.cpp; name = poImage.cpp; path = ../blocks/poScene/src/poScene/poImage.cpp; sourceTree = "<group>"; };
		D7A89AD8761346F09AA3772A /* poScene.h */ = {isa = PBXFileReference; lastKnownFileType = sourcecode.c.h; name = poScene.h; path = ../blocks/poScene/src/poScene/poScene.h; sourceTree = "<group>"; };
		E90832B30F2C4600A5A53BC6 /* poMatrixSet.h */ = {isa = PBXFileReference; lastKnownFileType = sourcecode.c.h; name = poMatrixSet.h; path = ../blocks/poScene/src/poScene/poMatrixSet.h; sourceTree = "<group>"; };
		F5F4B487EB0444479A35BDCC /* poEvents.cpp */ = {isa = PBXFileReference; lastKnownFileType = sourcecode.c.cpp; name = poEvents.cpp; path = ../blocks/poScene/src/poScene/poEvents.cpp; sourceTree = "<group>"; };
		F8537A30774C4866B3C1727B /* poScene.cpp */ = {isa = PBXFileReference; lastKnownFileType = sourcecode.c.cpp; name = poScene.cpp; path = ../blocks/poScene/src/poScene/poScene.cpp; sourceTree = "<group>"; };
/* End PBXFileReference section */

/* Begin PBXFrameworksBuildPhase section */
		8D11072E0486CEB800E47090 /* Frameworks */ = {
			isa = PBXFrameworksBuildPhase;
			buildActionMask = 2147483647;
			files = (
				006D720419952D00008149E2 /* AVFoundation.framework in Frameworks */,
				006D720519952D00008149E2 /* CoreMedia.framework in Frameworks */,
				8D11072F0486CEB800E47090 /* Cocoa.framework in Frameworks */,
				0091D8F90E81B9330029341E /* OpenGL.framework in Frameworks */,
				5323E6B20EAFCA74003A9687 /* CoreVideo.framework in Frameworks */,
				00B784B30FF439BC000DE1D7 /* Accelerate.framework in Frameworks */,
				00B784B40FF439BC000DE1D7 /* AudioToolbox.framework in Frameworks */,
				00B784B50FF439BC000DE1D7 /* AudioUnit.framework in Frameworks */,
				00B784B60FF439BC000DE1D7 /* CoreAudio.framework in Frameworks */,
				00B9955A1B128DF400A5C623 /* IOKit.framework in Frameworks */,
				00B9955B1B128DF400A5C623 /* IOSurface.framework in Frameworks */,
			);
			runOnlyForDeploymentPostprocessing = 0;
		};
/* End PBXFrameworksBuildPhase section */

/* Begin PBXGroup section */
		01B97315FEAEA392516A2CEA /* Blocks */ = {
			isa = PBXGroup;
			children = (
				EE54E7ACED694738B8EF1E16 /* poScene */,
			);
			name = Blocks;
			sourceTree = "<group>";
		};
		080E96DDFE201D6D7F000001 /* Source */ = {
			isa = PBXGroup;
			children = (
				93C89627EB9A4D47BB6FD488 /* METProjectApp.cpp */,
				91D87A251EAFD8D6008C7814 /* DataManager.cpp */,
				91D87A261EAFD8D6008C7814 /* DataManager.hpp */,
				91D87A221EAFD886008C7814 /* View.cpp */,
				91D87A231EAFD886008C7814 /* View.hpp */,
				91460B621EBD717400D40C9B /* Buttons.cpp */,
				91460B631EBD717400D40C9B /* Buttons.hpp */,
				235618071EC3C1D000CE2B7E /* View3D.cpp */,
				235618081EC3C1D000CE2B7E /* View3D.h */,
				91D87A1F1EAFD852008C7814 /* METProject.cpp */,
				91D87A201EAFD852008C7814 /* METProject.hpp */,
				91460B611EBB73C300D40C9B /* common.h */,
			);
			name = Source;
			sourceTree = "<group>";
		};
		092284A130FD421E86C2956F /* src */ = {
			isa = PBXGroup;
			children = (
				B6AC974505C6442195B3AE72 /* poScene */,
			);
			name = src;
			sourceTree = "<group>";
		};
		1058C7A0FEA54F0111CA2CBB /* Linked Frameworks */ = {
			isa = PBXGroup;
			children = (
				006D720219952D00008149E2 /* AVFoundation.framework */,
				006D720319952D00008149E2 /* CoreMedia.framework */,
				00B784AF0FF439BC000DE1D7 /* Accelerate.framework */,
				00B784B00FF439BC000DE1D7 /* AudioToolbox.framework */,
				00B784B10FF439BC000DE1D7 /* AudioUnit.framework */,
				00B784B20FF439BC000DE1D7 /* CoreAudio.framework */,
				5323E6B10EAFCA74003A9687 /* CoreVideo.framework */,
				0091D8F80E81B9330029341E /* OpenGL.framework */,
				1058C7A1FEA54F0111CA2CBB /* Cocoa.framework */,
				00B995581B128DF400A5C623 /* IOKit.framework */,
				00B995591B128DF400A5C623 /* IOSurface.framework */,
			);
			name = "Linked Frameworks";
			sourceTree = "<group>";
		};
		1058C7A2FEA54F0111CA2CBB /* Other Frameworks */ = {
			isa = PBXGroup;
			children = (
				29B97324FDCFA39411CA2CEA /* AppKit.framework */,
				29B97325FDCFA39411CA2CEA /* Foundation.framework */,
			);
			name = "Other Frameworks";
			sourceTree = "<group>";
		};
		19C28FACFE9D520D11CA2CBB /* Products */ = {
			isa = PBXGroup;
			children = (
				8D1107320486CEB800E47090 /* METProject.app */,
			);
			name = Products;
			sourceTree = "<group>";
		};
		29B97314FDCFA39411CA2CEA /* METProject */ = {
			isa = PBXGroup;
			children = (
				01B97315FEAEA392516A2CEA /* Blocks */,
				29B97315FDCFA39411CA2CEA /* Headers */,
				080E96DDFE201D6D7F000001 /* Source */,
				29B97317FDCFA39411CA2CEA /* Resources */,
				29B97323FDCFA39411CA2CEA /* Frameworks */,
				19C28FACFE9D520D11CA2CBB /* Products */,
			);
			name = METProject;
			sourceTree = "<group>";
		};
		29B97315FDCFA39411CA2CEA /* Headers */ = {
			isa = PBXGroup;
			children = (
				6EAA05793C3B4D43B4235610 /* Resources.h */,
				AC87C6BD066D4B80953AFEC8 /* METProject_Prefix.pch */,
			);
			name = Headers;
			sourceTree = "<group>";
		};
		29B97317FDCFA39411CA2CEA /* Resources */ = {
			isa = PBXGroup;
			children = (
				1D5EEE5A69214E8DA46F5E70 /* CinderApp.icns */,
				113508FFFA3B49458BF5A368 /* Info.plist */,
			);
			name = Resources;
			sourceTree = "<group>";
		};
		29B97323FDCFA39411CA2CEA /* Frameworks */ = {
			isa = PBXGroup;
			children = (
				1058C7A0FEA54F0111CA2CBB /* Linked Frameworks */,
				1058C7A2FEA54F0111CA2CBB /* Other Frameworks */,
			);
			name = Frameworks;
			sourceTree = "<group>";
		};
		B6AC974505C6442195B3AE72 /* poScene */ = {
			isa = PBXGroup;
			children = (
				7042BD0B621845C491F1694F /* poEventCenter.h */,
				A7388F8BE2E0451B92BD0CD1 /* poEvents.h */,
				D6D0B1DD118A466F9704838E /* poImage.h */,
				E90832B30F2C4600A5A53BC6 /* poMatrixSet.h */,
				82E3084093164D3988902C20 /* poNode.h */,
				9E915AC64BAA4DE4A05DCE2F /* poNodeContainer.h */,
				D7A89AD8761346F09AA3772A /* poScene.h */,
				7B369CED105D408CAE23261C /* poShape.h */,
				5A50FF6F992747898556BC46 /* poTextBox.h */,
				63F858BF31434329A26AD3D7 /* poTextureFit.h */,
				B433DA05E80E4909A14E73A0 /* poVideo.h */,
				CF1A067FF9A5422D973899FF /* poEventCenter.cpp */,
				F5F4B487EB0444479A35BDCC /* poEvents.cpp */,
				D766B19ADA784809B71AA5BF /* poImage.cpp */,
				48856FD727CE48E79757C7EA /* poMatrixSet.cpp */,
				5D4132307CA8497584C0C634 /* poNode.cpp */,
				BEB28FBC84114F43B7DD8845 /* poNodeContainer.cpp */,
				F8537A30774C4866B3C1727B /* poScene.cpp */,
				5D27532EE2BC4ECE82E196E2 /* poShape.cpp */,
				2D955AF5311B41E5890C1486 /* poTextBox.cpp */,
			);
			name = poScene;
			sourceTree = "<group>";
		};
		EE54E7ACED694738B8EF1E16 /* poScene */ = {
			isa = PBXGroup;
			children = (
				092284A130FD421E86C2956F /* src */,
			);
			name = poScene;
			sourceTree = "<group>";
		};
/* End PBXGroup section */

/* Begin PBXNativeTarget section */
		8D1107260486CEB800E47090 /* METProject */ = {
			isa = PBXNativeTarget;
			buildConfigurationList = C01FCF4A08A954540054247B /* Build configuration list for PBXNativeTarget "METProject" */;
			buildPhases = (
				8D1107290486CEB800E47090 /* Resources */,
				8D11072C0486CEB800E47090 /* Sources */,
				8D11072E0486CEB800E47090 /* Frameworks */,
			);
			buildRules = (
			);
			dependencies = (
			);
			name = METProject;
			productInstallPath = "$(HOME)/Applications";
			productName = METProject;
			productReference = 8D1107320486CEB800E47090 /* METProject.app */;
			productType = "com.apple.product-type.application";
		};
/* End PBXNativeTarget section */

/* Begin PBXProject section */
		29B97313FDCFA39411CA2CEA /* Project object */ = {
			isa = PBXProject;
			attributes = {
			};
			buildConfigurationList = C01FCF4E08A954540054247B /* Build configuration list for PBXProject "METProject" */;
			compatibilityVersion = "Xcode 3.2";
			developmentRegion = English;
			hasScannedForEncodings = 1;
			knownRegions = (
				English,
				Japanese,
				French,
				German,
			);
			mainGroup = 29B97314FDCFA39411CA2CEA /* METProject */;
			projectDirPath = "";
			projectRoot = "";
			targets = (
				8D1107260486CEB800E47090 /* METProject */,
			);
		};
/* End PBXProject section */

/* Begin PBXResourcesBuildPhase section */
		8D1107290486CEB800E47090 /* Resources */ = {
			isa = PBXResourcesBuildPhase;
			buildActionMask = 2147483647;
			files = (
				1E278F6C3C7448E7B83A5A3C /* CinderApp.icns in Resources */,
			);
			runOnlyForDeploymentPostprocessing = 0;
		};
/* End PBXResourcesBuildPhase section */

/* Begin PBXSourcesBuildPhase section */
		8D11072C0486CEB800E47090 /* Sources */ = {
			isa = PBXSourcesBuildPhase;
			buildActionMask = 2147483647;
			files = (
				91D87A241EAFD886008C7814 /* View.cpp in Sources */,
				91D87A271EAFD8D6008C7814 /* DataManager.cpp in Sources */,
				55E9DB4E49D14A338625176B /* METProjectApp.cpp in Sources */,
				91460B641EBD717400D40C9B /* Buttons.cpp in Sources */,
				CE590B532404452CBCA15973 /* poEventCenter.cpp in Sources */,
				277D01165133422F95A12518 /* poEvents.cpp in Sources */,
				AC61E17E4C3E4027A608963C /* poImage.cpp in Sources */,
				235618091EC3C1D000CE2B7E /* View3D.cpp in Sources */,
				103992CDE1F74A4DA3DCFED7 /* poMatrixSet.cpp in Sources */,
				F6BCE143F2594E0E8265D527 /* poNode.cpp in Sources */,
				DD41F60D9EB249B482C7F97F /* poNodeContainer.cpp in Sources */,
				EA296A6321B2483EA53011A1 /* poScene.cpp in Sources */,
				F18E84C7B9AE420EA2115628 /* poShape.cpp in Sources */,
				207F80C699B247458301F40E /* poTextBox.cpp in Sources */,
				91D87A211EAFD852008C7814 /* METProject.cpp in Sources */,
			);
			runOnlyForDeploymentPostprocessing = 0;
		};
/* End PBXSourcesBuildPhase section */

/* Begin XCBuildConfiguration section */
		C01FCF4B08A954540054247B /* Debug */ = {
			isa = XCBuildConfiguration;
			buildSettings = {
				COMBINE_HIDPI_IMAGES = YES;
				COPY_PHASE_STRIP = NO;
				DEAD_CODE_STRIPPING = YES;
				GCC_DYNAMIC_NO_PIC = NO;
				GCC_INLINES_ARE_PRIVATE_EXTERN = YES;
				GCC_OPTIMIZATION_LEVEL = 0;
				GCC_PRECOMPILE_PREFIX_HEADER = YES;
				GCC_PREFIX_HEADER = METProject_Prefix.pch;
				GCC_PREPROCESSOR_DEFINITIONS = (
					"DEBUG=1",
					"$(inherited)",
				);
				GCC_SYMBOLS_PRIVATE_EXTERN = NO;
				INFOPLIST_FILE = Info.plist;
				INSTALL_PATH = "$(HOME)/Applications";
				OTHER_LDFLAGS = "\"$(CINDER_PATH)/lib/libcinder_d.a\"";
				PRODUCT_BUNDLE_IDENTIFIER = "org.libcinder.${PRODUCT_NAME:rfc1034identifier}";
				PRODUCT_NAME = METProject;
				SYMROOT = ./build;
				WRAPPER_EXTENSION = app;
			};
			name = Debug;
		};
		C01FCF4C08A954540054247B /* Release */ = {
			isa = XCBuildConfiguration;
			buildSettings = {
				COMBINE_HIDPI_IMAGES = YES;
				DEAD_CODE_STRIPPING = YES;
				DEBUG_INFORMATION_FORMAT = "dwarf-with-dsym";
				GCC_FAST_MATH = YES;
				GCC_GENERATE_DEBUGGING_SYMBOLS = NO;
				GCC_INLINES_ARE_PRIVATE_EXTERN = YES;
				GCC_OPTIMIZATION_LEVEL = 3;
				GCC_PRECOMPILE_PREFIX_HEADER = YES;
				GCC_PREFIX_HEADER = METProject_Prefix.pch;
				GCC_PREPROCESSOR_DEFINITIONS = (
					"NDEBUG=1",
					"$(inherited)",
				);
				GCC_SYMBOLS_PRIVATE_EXTERN = NO;
				INFOPLIST_FILE = Info.plist;
				INSTALL_PATH = "$(HOME)/Applications";
				OTHER_LDFLAGS = "\"$(CINDER_PATH)/lib/libcinder.a\"";
				PRODUCT_BUNDLE_IDENTIFIER = "org.libcinder.${PRODUCT_NAME:rfc1034identifier}";
				PRODUCT_NAME = METProject;
				STRIP_INSTALLED_PRODUCT = YES;
				SYMROOT = ./build;
				WRAPPER_EXTENSION = app;
			};
			name = Release;
		};
		C01FCF4F08A954540054247B /* Debug */ = {
			isa = XCBuildConfiguration;
			buildSettings = {
				ALWAYS_SEARCH_USER_PATHS = NO;
				CINDER_PATH = ../..;
				CLANG_CXX_LANGUAGE_STANDARD = "c++11";
				CLANG_CXX_LIBRARY = "libc++";
				ENABLE_TESTABILITY = YES;
				GCC_WARN_ABOUT_RETURN_TYPE = YES;
				GCC_WARN_UNUSED_VARIABLE = YES;
				HEADER_SEARCH_PATHS = "\"$(CINDER_PATH)/include\"";
				MACOSX_DEPLOYMENT_TARGET = 10.8;
				ONLY_ACTIVE_ARCH = YES;
				SDKROOT = macosx;
				USER_HEADER_SEARCH_PATHS = "\"$(CINDER_PATH)/include\" ../include ../blocks/poScene/src/poScene";
			};
			name = Debug;
		};
		C01FCF5008A954540054247B /* Release */ = {
			isa = XCBuildConfiguration;
			buildSettings = {
				ALWAYS_SEARCH_USER_PATHS = NO;
				CINDER_PATH = ../..;
				CLANG_CXX_LANGUAGE_STANDARD = "c++11";
				CLANG_CXX_LIBRARY = "libc++";
				GCC_WARN_ABOUT_RETURN_TYPE = YES;
				GCC_WARN_UNUSED_VARIABLE = YES;
				HEADER_SEARCH_PATHS = "\"$(CINDER_PATH)/include\"";
				MACOSX_DEPLOYMENT_TARGET = 10.8;
				SDKROOT = macosx;
				USER_HEADER_SEARCH_PATHS = "\"$(CINDER_PATH)/include\" ../include ../blocks/poScene/src/poScene";
			};
			name = Release;
		};
/* End XCBuildConfiguration section */

/* Begin XCConfigurationList section */
		C01FCF4A08A954540054247B /* Build configuration list for PBXNativeTarget "METProject" */ = {
			isa = XCConfigurationList;
			buildConfigurations = (
				C01FCF4B08A954540054247B /* Debug */,
				C01FCF4C08A954540054247B /* Release */,
			);
			defaultConfigurationIsVisible = 0;
			defaultConfigurationName = Release;
		};
		C01FCF4E08A954540054247B /* Build configuration list for PBXProject "METProject" */ = {
			isa = XCConfigurationList;
			buildConfigurations = (
				C01FCF4F08A954540054247B /* Debug */,
				C01FCF5008A954540054247B /* Release */,
			);
			defaultConfigurationIsVisible = 0;
			defaultConfigurationName = Release;
		};
/* End XCConfigurationList section */
	};
	rootObject = 29B97313FDCFA39411CA2CEA /* Project object */;
}
